
Microsoft Visual Studio Solution File, Format Version 10.00
# Visual Studio 2008
Project("{8BC9CEB8-8B4A-11D0-8D11-00A0C91BC942}") = "onof00", "onof00\onof00.vcproj", "{9C5CBB99-BCCE-40D9-ADBE-77B02C5330EE}"
EndProject
Global
	GlobalSection(SolutionConfigurationPlatforms) = preSolution
		Debug|Win32 = Debug|Win32
		Release|Win32 = Release|Win32
	EndGlobalSection
	GlobalSection(ProjectConfigurationPlatforms) = postSolution
		{9C5CBB99-BCCE-40D9-ADBE-77B02C5330EE}.Debug|Win32.ActiveCfg = Debug|Win32
		{9C5CBB99-BCCE-40D9-ADBE-77B02C5330EE}.Debug|Win32.Build.0 = Debug|Win32
		{9C5CBB99-BCCE-40D9-ADBE-77B02C5330EE}.Release|Win32.ActiveCfg = Release|Win32
		{9C5CBB99-BCCE-40D9-ADBE-77B02C5330EE}.Release|Win32.Build.0 = Release|Win32
	EndGlobalSection
	GlobalSection(SolutionProperties) = preSolution
		HideSolutionNode = FALSE
	EndGlobalSection
EndGlobal
